{
    "php": {
        "version": "7.3"
    },
    "symfony/error-handler": {
        "version": "v4.4.10"
    },
    "symfony/polyfill-php80": {
        "version": "v1.17.1"
    },
    "symfony/var-dumper": {
        "version": "v4.4.10"
    },
    "voku/portable-ascii": {
        "version": "1.5.2"
    }
}
